
Microsoft Visual Studio Solution File, Format Version 12.00
# Visual Studio Version 17
VisualStudioVersion = 17.7.34031.279
MinimumVisualStudioVersion = 10.0.40219.1
Project("{9A19103F-16F7-4668-BE54-9A1E7A4F7556}") = "API", "API\API.csproj", "{737EC1ED-89A6-4A49-AFBC-5D3D5B87D867}"
EndProject
Project("{9A19103F-16F7-4668-BE54-9A1E7A4F7556}") = "Model", "Model\Model.csproj", "{8BD7A2AE-640C-4F22-9BCA-032C647C91C4}"
EndProject
Project("{9A19103F-16F7-4668-BE54-9A1E7A4F7556}") = "Interfaces", "Interfaces\Interfaces.csproj", "{38E149C1-2447-4A36-BBBF-69C5460F08C1}"
EndProject
Project("{9A19103F-16F7-4668-BE54-9A1E7A4F7556}") = "DataAccess", "DataAccess\DataAccess.csproj", "{AC419F8D-A54C-4EAA-8E37-F23D233CE86F}"
EndProject
Project("{2150E333-8FDC-42A3-9474-1A3956D46DE8}") = "Solution Items", "Solution Items", "{FFF15D40-0FAB-49A1-92E9-11E53B557224}"
	ProjectSection(SolutionItems) = preProject
		Preparation.md = Preparation.md
		README.md = README.md
	EndProjectSection
EndProject
Project("{9A19103F-16F7-4668-BE54-9A1E7A4F7556}") = "UnitTests", "UnitTests\UnitTests.csproj", "{41DFDC5F-4469-4FED-98E0-F86CB4A1932C}"
EndProject
Project("{E53339B2-1760-4266-BCC7-CA923CBCF16C}") = "docker-compose", "docker-compose.dcproj", "{42734CA6-54C2-426F-B640-8693DEDA5B9C}"
EndProject
Global
	GlobalSection(SolutionConfigurationPlatforms) = preSolution
		Debug|Any CPU = Debug|Any CPU
		Release|Any CPU = Release|Any CPU
	EndGlobalSection
	GlobalSection(ProjectConfigurationPlatforms) = postSolution
		{737EC1ED-89A6-4A49-AFBC-5D3D5B87D867}.Debug|Any CPU.ActiveCfg = Debug|Any CPU
		{737EC1ED-89A6-4A49-AFBC-5D3D5B87D867}.Debug|Any CPU.Build.0 = Debug|Any CPU
		{737EC1ED-89A6-4A49-AFBC-5D3D5B87D867}.Release|Any CPU.ActiveCfg = Release|Any CPU
		{737EC1ED-89A6-4A49-AFBC-5D3D5B87D867}.Release|Any CPU.Build.0 = Release|Any CPU
		{8BD7A2AE-640C-4F22-9BCA-032C647C91C4}.Debug|Any CPU.ActiveCfg = Debug|Any CPU
		{8BD7A2AE-640C-4F22-9BCA-032C647C91C4}.Debug|Any CPU.Build.0 = Debug|Any CPU
		{8BD7A2AE-640C-4F22-9BCA-032C647C91C4}.Release|Any CPU.ActiveCfg = Release|Any CPU
		{8BD7A2AE-640C-4F22-9BCA-032C647C91C4}.Release|Any CPU.Build.0 = Release|Any CPU
		{38E149C1-2447-4A36-BBBF-69C5460F08C1}.Debug|Any CPU.ActiveCfg = Debug|Any CPU
		{38E149C1-2447-4A36-BBBF-69C5460F08C1}.Debug|Any CPU.Build.0 = Debug|Any CPU
		{38E149C1-2447-4A36-BBBF-69C5460F08C1}.Release|Any CPU.ActiveCfg = Release|Any CPU
		{38E149C1-2447-4A36-BBBF-69C5460F08C1}.Release|Any CPU.Build.0 = Release|Any CPU
		{AC419F8D-A54C-4EAA-8E37-F23D233CE86F}.Debug|Any CPU.ActiveCfg = Debug|Any CPU
		{AC419F8D-A54C-4EAA-8E37-F23D233CE86F}.Debug|Any CPU.Build.0 = Debug|Any CPU
		{AC419F8D-A54C-4EAA-8E37-F23D233CE86F}.Release|Any CPU.ActiveCfg = Release|Any CPU
		{AC419F8D-A54C-4EAA-8E37-F23D233CE86F}.Release|Any CPU.Build.0 = Release|Any CPU
		{41DFDC5F-4469-4FED-98E0-F86CB4A1932C}.Debug|Any CPU.ActiveCfg = Debug|Any CPU
		{41DFDC5F-4469-4FED-98E0-F86CB4A1932C}.Debug|Any CPU.Build.0 = Debug|Any CPU
		{41DFDC5F-4469-4FED-98E0-F86CB4A1932C}.Release|Any CPU.ActiveCfg = Release|Any CPU
		{41DFDC5F-4469-4FED-98E0-F86CB4A1932C}.Release|Any CPU.Build.0 = Release|Any CPU
		{42734CA6-54C2-426F-B640-8693DEDA5B9C}.Debug|Any CPU.ActiveCfg = Debug|Any CPU
		{42734CA6-54C2-426F-B640-8693DEDA5B9C}.Debug|Any CPU.Build.0 = Debug|Any CPU
		{42734CA6-54C2-426F-B640-8693DEDA5B9C}.Release|Any CPU.ActiveCfg = Release|Any CPU
		{42734CA6-54C2-426F-B640-8693DEDA5B9C}.Release|Any CPU.Build.0 = Release|Any CPU
	EndGlobalSection
	GlobalSection(SolutionProperties) = preSolution
		HideSolutionNode = FALSE
	EndGlobalSection
	GlobalSection(ExtensibilityGlobals) = postSolution
		        SolutionGuid = {AD9D3780-C888-4850-9EE4-E20A205A92E7}
		    SolutionGuid = {D1437340-FE43-4AEB-97D7-6D8586BA43CE}
		SolutionGuid = {98F4359F-4B7C-41B5-92B2-CAF64BE5D9C6}
	EndGlobalSection
EndGlobal
